
Microsoft Visual Studio Solution File, Format Version 12.00
# Visual Studio Version 17
VisualStudioVersion = 17.7.34221.43
MinimumVisualStudioVersion = 10.0.40219.1
Project("{FAE04EC0-301F-11D3-BF4B-00C04F79EFBC}") = "Eftimie_Andrei_Lab1", "Eftimie_Andrei_Lab1.csproj", "{4464CB4D-168C-4DA2-9E29-9531BB06739D}"
EndProject
Global
	GlobalSection(SolutionConfigurationPlatforms) = preSolution
		Debug|Any CPU = Debug|Any CPU
		Release|Any CPU = Release|Any CPU
	EndGlobalSection
	GlobalSection(ProjectConfigurationPlatforms) = postSolution
		{4464CB4D-168C-4DA2-9E29-9531BB06739D}.Debug|Any CPU.ActiveCfg = Debug|Any CPU
		{4464CB4D-168C-4DA2-9E29-9531BB06739D}.Debug|Any CPU.Build.0 = Debug|Any CPU
		{4464CB4D-168C-4DA2-9E29-9531BB06739D}.Release|Any CPU.ActiveCfg = Release|Any CPU
		{4464CB4D-168C-4DA2-9E29-9531BB06739D}.Release|Any CPU.Build.0 = Release|Any CPU
	EndGlobalSection
	GlobalSection(SolutionProperties) = preSolution
		HideSolutionNode = FALSE
	EndGlobalSection
	GlobalSection(ExtensibilityGlobals) = postSolution
		SolutionGuid = {8BFC49AC-236F-46CB-9847-8E2E056FDF12}
	EndGlobalSection
EndGlobal
